
Microsoft Visual Studio Solution File, Format Version 12.00
# Visual Studio 2012
Project("{8BC9CEB8-8B4A-11D0-8D11-00A0C91BC942}") = "1000_科大讯飞_01", "Project\Project.vcxproj", "{0A170E27-E26B-45E2-954A-824257E13ECB}"
EndProject
Project("{8BC9CEB8-8B4A-11D0-8D11-00A0C91BC942}") = "1000_科大讯飞_02", "1000_科大讯飞_02\1000_科大讯飞_02.vcxproj", "{F4ED55D5-6CA1-4C14-8EC2-E77E136200FF}"
EndProject
Project("{8BC9CEB8-8B4A-11D0-8D11-00A0C91BC942}") = "1001_欢聚时代_01", "1001_欢聚时代_01\1001_欢聚时代_01.vcxproj", "{753F6F73-2A66-42D0-BD51-DFD41F27D3A5}"
EndProject
Global
	GlobalSection(SolutionConfigurationPlatforms) = preSolution
		Debug|Win32 = Debug|Win32
		Release|Win32 = Release|Win32
	EndGlobalSection
	GlobalSection(ProjectConfigurationPlatforms) = postSolution
		{0A170E27-E26B-45E2-954A-824257E13ECB}.Debug|Win32.ActiveCfg = Debug|Win32
		{0A170E27-E26B-45E2-954A-824257E13ECB}.Debug|Win32.Build.0 = Debug|Win32
		{0A170E27-E26B-45E2-954A-824257E13ECB}.Release|Win32.ActiveCfg = Release|Win32
		{0A170E27-E26B-45E2-954A-824257E13ECB}.Release|Win32.Build.0 = Release|Win32
		{F4ED55D5-6CA1-4C14-8EC2-E77E136200FF}.Debug|Win32.ActiveCfg = Debug|Win32
		{F4ED55D5-6CA1-4C14-8EC2-E77E136200FF}.Debug|Win32.Build.0 = Debug|Win32
		{F4ED55D5-6CA1-4C14-8EC2-E77E136200FF}.Release|Win32.ActiveCfg = Release|Win32
		{F4ED55D5-6CA1-4C14-8EC2-E77E136200FF}.Release|Win32.Build.0 = Release|Win32
		{753F6F73-2A66-42D0-BD51-DFD41F27D3A5}.Debug|Win32.ActiveCfg = Debug|Win32
		{753F6F73-2A66-42D0-BD51-DFD41F27D3A5}.Debug|Win32.Build.0 = Debug|Win32
		{753F6F73-2A66-42D0-BD51-DFD41F27D3A5}.Release|Win32.ActiveCfg = Release|Win32
		{753F6F73-2A66-42D0-BD51-DFD41F27D3A5}.Release|Win32.Build.0 = Release|Win32
	EndGlobalSection
	GlobalSection(SolutionProperties) = preSolution
		HideSolutionNode = FALSE
	EndGlobalSection
EndGlobal
