
Microsoft Visual Studio Solution File, Format Version 12.00
# Visual Studio 2012
Project("{8BC9CEB8-8B4A-11D0-8D11-00A0C91BC942}") = "01-字符串统计个数", "1-String\1-String.vcxproj", "{ED4E39FD-2279-4129-A91D-D568EC7222EB}"
EndProject
Project("{8BC9CEB8-8B4A-11D0-8D11-00A0C91BC942}") = "02-字符串编码-数字加字符", "2-字符串编码-数字加字符\2-字符串编码-数字加字符.vcxproj", "{6C25F5ED-48F3-4039-9ADA-1172F5D338EE}"
EndProject
Project("{8BC9CEB8-8B4A-11D0-8D11-00A0C91BC942}") = "03-最大和", "3-Test\3-Test.vcxproj", "{A4E16E73-308B-4B0A-8B5F-E668B18F3DB9}"
EndProject
Project("{8BC9CEB8-8B4A-11D0-8D11-00A0C91BC942}") = "00-网易游戏雷火盘古实习笔试题", "网易游戏雷火盘古实习笔试题\网易游戏雷火盘古实习笔试题.vcxproj", "{045CDAA6-A377-4301-9FE3-2A51A9BE594E}"
EndProject
Project("{8BC9CEB8-8B4A-11D0-8D11-00A0C91BC942}") = "06-回文串", "6-回文串\6-回文串.vcxproj", "{8A89EB49-54D3-4F87-8C91-53F858605E75}"
EndProject
Project("{8BC9CEB8-8B4A-11D0-8D11-00A0C91BC942}") = "07_字符串旋转", "7_字符串旋转\7_字符串旋转.vcxproj", "{2E4EF8A8-D0D3-45D7-AFAB-DE27F69D5E60}"
EndProject
Project("{8BC9CEB8-8B4A-11D0-8D11-00A0C91BC942}") = "13_最长公共子串_不用boost库", "13_LongestCommonSubstring\13_LongestCommonSubstring.vcxproj", "{CA489845-BE9B-4632-B7A0-596E5E5B5D27}"
EndProject
Project("{8BC9CEB8-8B4A-11D0-8D11-00A0C91BC942}") = "14_最长公共子序列", "14_最长公共子序列\14_最长公共子序列.vcxproj", "{1B9DB19B-8422-4F78-B65C-3944614884B9}"
EndProject
Project("{8BC9CEB8-8B4A-11D0-8D11-00A0C91BC942}") = "15_基本的递归函数", "15_基本的递归函数\15_基本的递归函数.vcxproj", "{F033CF28-B0D2-43BF-9A2E-0E59D6D35EB0}"
EndProject
Project("{8BC9CEB8-8B4A-11D0-8D11-00A0C91BC942}") = "16-模拟考试", "16-模拟考试\16-模拟考试.vcxproj", "{39E0DDE1-C2BE-494C-8F3B-AA55DE31B95F}"
EndProject
Project("{8BC9CEB8-8B4A-11D0-8D11-00A0C91BC942}") = "17_内存池实现", "17_内存池实现\17_内存池实现.vcxproj", "{26D71E5B-D4E0-4957-BD5B-048A11FF9FF5}"
EndProject
Project("{8BC9CEB8-8B4A-11D0-8D11-00A0C91BC942}") = "10_TengXun001", "10_TengXun001\10_TengXun001.vcxproj", "{B0519A4E-148A-4AC5-B089-7D652CD83A2A}"
EndProject
Project("{8BC9CEB8-8B4A-11D0-8D11-00A0C91BC942}") = "ALI-Practice", "ALI-Practice\ALI-Practice.vcxproj", "{8D9B92C0-D197-42A5-87F6-5F82FBE95651}"
EndProject
Project("{8BC9CEB8-8B4A-11D0-8D11-00A0C91BC942}") = "18_DecimalNumberTranslation", "DecimalNumberTranslation\DecimalNumberTranslation.vcxproj", "{46110B68-0E94-4FC6-A7F4-EFD8112D2010}"
EndProject
Project("{8BC9CEB8-8B4A-11D0-8D11-00A0C91BC942}") = "0000-1排序算法-选择排序", "000-排序算法-选择排序\000-排序算法-选择排序.vcxproj", "{EAE2505E-FDF5-4C00-9906-24921D54E557}"
EndProject
Project("{8BC9CEB8-8B4A-11D0-8D11-00A0C91BC942}") = "0002-1-图的存储-邻接表", "001-图\001-图.vcxproj", "{BC553812-1AB9-487B-B111-2870654C979E}"
EndProject
Project("{8BC9CEB8-8B4A-11D0-8D11-00A0C91BC942}") = "0000-2-排序算法-交换排序", "0001-排序算法-交换排序\0001-排序算法-交换排序.vcxproj", "{515FAE5A-3E1D-4242-BCE8-DBB960F4A729}"
EndProject
Project("{8BC9CEB8-8B4A-11D0-8D11-00A0C91BC942}") = "0002-2-图的存储-邻接矩阵", "002-图的存储-邻接矩阵\002-图的存储-邻接矩阵.vcxproj", "{0AD29141-365E-4CCD-A516-7101585CE25E}"
EndProject
Project("{8BC9CEB8-8B4A-11D0-8D11-00A0C91BC942}") = "0003-1-STL容器-deque", "0003-1-STL容器-deque\0003-1-STL容器-deque.vcxproj", "{452C39FB-B1BC-4829-9664-E0F0FA438F26}"
EndProject
Project("{8BC9CEB8-8B4A-11D0-8D11-00A0C91BC942}") = "6019_二叉树的镜像", "6001_二叉树的镜像\6001_二叉树的镜像.vcxproj", "{A3742B17-7FE4-4955-9DFE-F560A7186520}"
EndProject
Project("{8BC9CEB8-8B4A-11D0-8D11-00A0C91BC942}") = "6020_顺时针打印矩阵", "6002_顺时针打印矩阵\6002_顺时针打印矩阵.vcxproj", "{EF8AE9AD-94E0-4085-BDF3-BFC64073CD38}"
EndProject
Project("{8BC9CEB8-8B4A-11D0-8D11-00A0C91BC942}") = "6021_包含min函数的栈", "6021_包含min函数的栈\6021_包含min函数的栈.vcxproj", "{1068094D-854F-4EC9-8D58-E571329D63D1}"
EndProject
Project("{8BC9CEB8-8B4A-11D0-8D11-00A0C91BC942}") = "6022_StackPushPopOrder", "6022_StackPushPopOrder\6022_StackPushPopOrder.vcxproj", "{62E62512-4782-4B66-BBE6-C02CFCCC53B8}"
EndProject
Project("{8BC9CEB8-8B4A-11D0-8D11-00A0C91BC942}") = "6023_打印二叉树", "6023_打印二叉树\6023_打印二叉树.vcxproj", "{10CE347F-AFDE-42CB-81CD-6FC15DDAA1B7}"
EndProject
Project("{8BC9CEB8-8B4A-11D0-8D11-00A0C91BC942}") = "Utility", "Utility\Utility.vcxproj", "{9B417A2F-1687-463A-86CE-A0CA0F38644E}"
EndProject
Project("{8BC9CEB8-8B4A-11D0-8D11-00A0C91BC942}") = "6024_二叉搜索树的后续遍历", "6024_二叉搜索树的后续遍历\6024_二叉搜索树的后续遍历.vcxproj", "{4FBACE54-9398-48A6-9490-F65096FADBAE}"
EndProject
Project("{8BC9CEB8-8B4A-11D0-8D11-00A0C91BC942}") = "6003_查找数组是否包含某数字", "6003_查找数组是否包含某数字\6003_查找数组是否包含某数字.vcxproj", "{59F72CE3-05C8-413F-9ADD-950D365133CA}"
EndProject
Project("{8BC9CEB8-8B4A-11D0-8D11-00A0C91BC942}") = "6004_替换空格", "6004_替换空格\6004_替换空格.vcxproj", "{D4B63587-D97E-4785-87CE-A11114CF4880}"
EndProject
Project("{8BC9CEB8-8B4A-11D0-8D11-00A0C91BC942}") = "6005_打印链表", "6005_打印链表\6005_打印链表.vcxproj", "{03352AFD-5EE3-42A0-8696-5B91C9DD1B9B}"
EndProject
Project("{8BC9CEB8-8B4A-11D0-8D11-00A0C91BC942}") = "6009_0_递归和循环", "6009_递归和循环\6009_递归和循环.vcxproj", "{DB733866-D1FE-45D6-B0B2-9569C0DE0D5D}"
EndProject
Project("{8BC9CEB8-8B4A-11D0-8D11-00A0C91BC942}") = "6006_重建二叉树", "6006_重建二叉树\6006_重建二叉树.vcxproj", "{A2F6489C-51BB-402A-9194-C5D1EC24BA5C}"
EndProject
Project("{8BC9CEB8-8B4A-11D0-8D11-00A0C91BC942}") = "6007_用两个栈实现队列", "6007_用两个栈实现队列\6007_用两个栈实现队列.vcxproj", "{7B64C513-B167-4CE3-9D7F-3BCA28ECBB33}"
EndProject
Project("{8BC9CEB8-8B4A-11D0-8D11-00A0C91BC942}") = "6007_变形_用两个队列实现一个栈", "6007_变形_用两个队列实现一个栈\6007_变形_用两个队列实现一个栈.vcxproj", "{02CAB804-5446-433F-A4A1-C54FA3174E68}"
EndProject
Project("{8BC9CEB8-8B4A-11D0-8D11-00A0C91BC942}") = "6008_旋转数组", "6008_旋转数组\6008_旋转数组.vcxproj", "{3EAAB6B7-9AA3-41BA-B2A1-24E55EDE56A2}"
EndProject
Project("{8BC9CEB8-8B4A-11D0-8D11-00A0C91BC942}") = "6009_1_Fibonacci", "6009_1_Fibonacci\6009_1_Fibonacci.vcxproj", "{AF5E270B-ED80-4D37-8783-3CC5C9CC86D9}"
EndProject
Project("{8BC9CEB8-8B4A-11D0-8D11-00A0C91BC942}") = "6001_赋值运算符函数", "6001_赋值运算符函数\6001_赋值运算符函数.vcxproj", "{5D782A92-0FDE-49D2-B6F4-BF0067F0F0F4}"
EndProject
Project("{8BC9CEB8-8B4A-11D0-8D11-00A0C91BC942}") = "0000-3-归并排序", "000-3-归并排序\000-3-归并排序.vcxproj", "{4C01911C-3662-4BCE-8A86-6F9FC4532005}"
EndProject
Project("{8BC9CEB8-8B4A-11D0-8D11-00A0C91BC942}") = "6029_数组中出现过半的数字", "6029_数组中出现过半的数字\6029_数组中出现过半的数字.vcxproj", "{00FF58C9-D444-487A-A74D-E1869045F3D4}"
EndProject
Project("{8BC9CEB8-8B4A-11D0-8D11-00A0C91BC942}") = "7000-网易内推笔试-01_AABB", "网易内推笔试-01\网易内推笔试-01.vcxproj", "{4D522281-68EC-45A8-98ED-9709330B1C59}"
EndProject
Project("{8BC9CEB8-8B4A-11D0-8D11-00A0C91BC942}") = "7000-网易内推笔试-02_操作序列", "网易内推笔试-02\网易内推笔试-02.vcxproj", "{1F891B2F-BF2D-48F9-8247-28482A23AF3C}"
EndProject
Project("{8BC9CEB8-8B4A-11D0-8D11-00A0C91BC942}") = "7000-网易内推笔试-03_堆棋子（难）", "网易内推笔试-03\网易内推笔试-03.vcxproj", "{2EADE3C4-4130-40F0-B54C-A8137F35E8F9}"
EndProject
Project("{8BC9CEB8-8B4A-11D0-8D11-00A0C91BC942}") = "7010-华为秋招内推-01", "7001-华为模拟-01\7001-华为模拟-01.vcxproj", "{3A7E7897-0B66-4FBF-B399-3873D752B866}"
EndProject
Project("{8BC9CEB8-8B4A-11D0-8D11-00A0C91BC942}") = "7011-华为秋招内推-02", "7001-华为模拟-02\7001-华为模拟-02.vcxproj", "{420D4830-A0C0-4E3D-940F-7F63133CFB93}"
EndProject
Project("{8BC9CEB8-8B4A-11D0-8D11-00A0C91BC942}") = "7000-网易内推笔试-04_构造等差数列", "7000-网易内推笔试-04\7000-网易内推笔试-04.vcxproj", "{49C88F49-6295-48CA-9DBC-907CA9B41A4B}"
EndProject
Project("{8BC9CEB8-8B4A-11D0-8D11-00A0C91BC942}") = "7000-网易内推笔试-05_01串的最大长度", "7000-网易内推笔试-05\7000-网易内推笔试-05.vcxproj", "{CF68DD17-9119-45A9-8286-D0D1CE583B29}"
EndProject
Project("{8BC9CEB8-8B4A-11D0-8D11-00A0C91BC942}") = "7000-网易内推笔试-06_独立的小易", "7000-网易内推笔试-06_独立的小易\7000-网易内推笔试-06_独立的小易.vcxproj", "{859EF0F8-77BD-4A61-9E2F-E36FA0BE31EF}"
EndProject
Project("{8BC9CEB8-8B4A-11D0-8D11-00A0C91BC942}") = "7012-华为秋招内推-03", "7001-华为秋招内推-03\7001-华为秋招内推-03.vcxproj", "{742C3B98-FF16-4CC1-B61D-A1AE1C788BC0}"
EndProject
Project("{8BC9CEB8-8B4A-11D0-8D11-00A0C91BC942}") = "7020-阿里-测评(动态规划)", "7020-阿里-测评\7020-阿里-测评.vcxproj", "{663FFBAC-D44E-42BF-940B-6C4BE36496F6}"
EndProject
Project("{8BC9CEB8-8B4A-11D0-8D11-00A0C91BC942}") = "7021_动态规划", "7020_动态规划\7020_动态规划.vcxproj", "{C21AF7AC-BA7D-4DC7-8AD5-6D9C3160A2C8}"
EndProject
Project("{8BC9CEB8-8B4A-11D0-8D11-00A0C91BC942}") = "19_分割字符串", "19_分割字符串\19_分割字符串.vcxproj", "{2069B5CD-C245-48D3-A32C-B4420EA58490}"
EndProject
Project("{8BC9CEB8-8B4A-11D0-8D11-00A0C91BC942}") = "6005_0_链表常见操作", "6005_0_链表\6005_0_链表.vcxproj", "{6C1E633B-BC85-486E-89A2-380C88F4B767}"
EndProject
Project("{8BC9CEB8-8B4A-11D0-8D11-00A0C91BC942}") = "8010_今日头条_01", "8010_今日头条_01\8010_今日头条_01.vcxproj", "{F5B2CEC9-3DD6-4D9D-A466-B5782CACCD91}"
EndProject
Project("{8BC9CEB8-8B4A-11D0-8D11-00A0C91BC942}") = "8010_今日头条_02", "8010_今日头条_02\8010_今日头条_02.vcxproj", "{50BB8413-9E45-408B-8983-CA9A846E51A4}"
EndProject
Project("{8BC9CEB8-8B4A-11D0-8D11-00A0C91BC942}") = "0000-4-插入排序", "0000-4-插入排序\0000-4-插入排序.vcxproj", "{3E75E998-7BD7-42F6-8694-619124CF199F}"
EndProject
Project("{8BC9CEB8-8B4A-11D0-8D11-00A0C91BC942}") = "08_字符串的组合", "08_字符串的组合\08_字符串的组合.vcxproj", "{4ECBCDEF-CE39-4D71-A074-3BDE29F19DBC}"
EndProject
Project("{8BC9CEB8-8B4A-11D0-8D11-00A0C91BC942}") = "09_字符串的全排列", "09_字符串的全排列\09_字符串的全排列.vcxproj", "{0FC353E5-97ED-49DA-AEEF-825A8F26F3DA}"
EndProject
Project("{8BC9CEB8-8B4A-11D0-8D11-00A0C91BC942}") = "6005_1_链表容易出错", "6005_1_链表容易出错\6005_1_链表容易出错.vcxproj", "{E1906EB9-9549-43A7-9125-D06EFBB67BEC}"
EndProject
Project("{8BC9CEB8-8B4A-11D0-8D11-00A0C91BC942}") = "7021-阿里", "7021-阿里-测评(动态规划)\7021-阿里-测评(动态规划).vcxproj", "{1F9C970D-332E-4B3D-A473-9CFFC3B6CD5B}"
EndProject
Project("{8BC9CEB8-8B4A-11D0-8D11-00A0C91BC942}") = "7021-阿里2", "7021-阿里2\7021-阿里2.vcxproj", "{5228701C-9E7B-4EBC-9380-C0A1BC1ECD7E}"
EndProject
Project("{8BC9CEB8-8B4A-11D0-8D11-00A0C91BC942}") = "6005_2_二叉树编程总结", "6005_2_二叉树编程总结\6005_2_二叉树编程总结.vcxproj", "{B5D5081E-B5E6-4771-8A95-CD2E54A3BAC3}"
EndProject
Project("{8BC9CEB8-8B4A-11D0-8D11-00A0C91BC942}") = "7030_网易互娱_秋招01", "7030_网易互娱_秋招01\7030_网易互娱_秋招01.vcxproj", "{04E60D8F-CA0C-4AED-96D3-F0C8FE3DE001}"
EndProject
Project("{8BC9CEB8-8B4A-11D0-8D11-00A0C91BC942}") = "7030_网易互娱_秋招02", "7030_网易互娱_秋招02\7030_网易互娱_秋招02.vcxproj", "{4683FA27-8ADE-419B-873F-A00BEA5A9F83}"
EndProject
Project("{8BC9CEB8-8B4A-11D0-8D11-00A0C91BC942}") = "7030_网易互娱_秋招03", "7030_网易互娱_秋招03\7030_网易互娱_秋招03.vcxproj", "{3DD6C27C-7B05-4439-BC47-90597B1006DD}"
EndProject
Project("{8BC9CEB8-8B4A-11D0-8D11-00A0C91BC942}") = "7030_网易互娱_秋招04", "7030_网易互娱_秋招04\7030_网易互娱_秋招04.vcxproj", "{9EC22360-BDF5-45BC-89CB-CF54B3CA44E4}"
EndProject
Project("{8BC9CEB8-8B4A-11D0-8D11-00A0C91BC942}") = "6031_连续子数组的最大和", "6031_连续子数组的最大和\6031_连续子数组的最大和.vcxproj", "{EA6FBAC8-8401-408C-8715-0C6A90AC3310}"
EndProject
Project("{8BC9CEB8-8B4A-11D0-8D11-00A0C91BC942}") = "6005_21_二叉树节点个数", "6005_21_二叉树节点个数\6005_21_二叉树节点个数.vcxproj", "{47E5D5FB-2BDD-4BB2-854A-0DCE1440D543}"
EndProject
Project("{8BC9CEB8-8B4A-11D0-8D11-00A0C91BC942}") = "6005_22_二叉树深度", "6005_22_二叉树深度\6005_22_二叉树深度.vcxproj", "{6918E1AE-EF49-4CE7-9162-B5B5020C9152}"
EndProject
Project("{8BC9CEB8-8B4A-11D0-8D11-00A0C91BC942}") = "6005_23_平衡二叉树", "6005_23_平衡二叉树\6005_23_平衡二叉树.vcxproj", "{E276AB1A-218F-45C8-AFFC-F6909C22CAC7}"
EndProject
Project("{8BC9CEB8-8B4A-11D0-8D11-00A0C91BC942}") = "6005_24_二叉树遍历", "6005_24_二叉树遍历\6005_24_二叉树遍历.vcxproj", "{93492B08-70AF-4724-9C3E-E502B7996686}"
EndProject
Project("{8BC9CEB8-8B4A-11D0-8D11-00A0C91BC942}") = "6005_25_二叉树分层遍历", "6005_25_二叉树分层遍历\6005_25_二叉树分层遍历.vcxproj", "{6CFFFA56-A230-4AE1-937B-8D510C04C7B4}"
EndProject
Project("{8BC9CEB8-8B4A-11D0-8D11-00A0C91BC942}") = "6005_26_二叉树叶子结点数", "6005_25_二叉树叶子结点数\6005_25_二叉树叶子结点数.vcxproj", "{653C75A9-2E0F-4CA6-8858-01C63D994CC3}"
EndProject
Project("{8BC9CEB8-8B4A-11D0-8D11-00A0C91BC942}") = "6005_27_二叉树某层结点数", "6005_27_二叉树某层结点数\6005_27_二叉树某层结点数.vcxproj", "{DAC5E4A5-E12A-4342-A0E9-283D0A624B90}"
EndProject
Project("{8BC9CEB8-8B4A-11D0-8D11-00A0C91BC942}") = "6005_28_两棵二叉树是否相同", "6005_28_两棵二叉树是否相同\6005_28_两棵二叉树是否相同.vcxproj", "{A13106A4-D031-4ACC-8DD6-64B79147B039}"
EndProject
Project("{8BC9CEB8-8B4A-11D0-8D11-00A0C91BC942}") = "9010_美团秋招_01", "9010_美团秋招_01\9010_美团秋招_01.vcxproj", "{395E9D47-21BF-49BB-B29A-E77EEDE91C0B}"
EndProject
Project("{8BC9CEB8-8B4A-11D0-8D11-00A0C91BC942}") = "9010_美团秋招_02", "9010_美团秋招_02\9010_美团秋招_02.vcxproj", "{7748039E-2230-4A35-8C9C-71E5BDC752AF}"
EndProject
Project("{8BC9CEB8-8B4A-11D0-8D11-00A0C91BC942}") = "6010_二进制中1的个数", "6010_二进制中1的个数\6010_二进制中1的个数.vcxproj", "{45AA5DEE-2225-48E3-B914-732681D2C381}"
EndProject
Project("{8BC9CEB8-8B4A-11D0-8D11-00A0C91BC942}") = "6010_01_习题", "6010_01_习题\6010_01_习题.vcxproj", "{60FC4BB5-5F73-435A-9D50-4481F19E639F}"
EndProject
Global
	GlobalSection(SolutionConfigurationPlatforms) = preSolution
		Debug|Win32 = Debug|Win32
		Release|Win32 = Release|Win32
	EndGlobalSection
	GlobalSection(ProjectConfigurationPlatforms) = postSolution
		{ED4E39FD-2279-4129-A91D-D568EC7222EB}.Debug|Win32.ActiveCfg = Debug|Win32
		{ED4E39FD-2279-4129-A91D-D568EC7222EB}.Debug|Win32.Build.0 = Debug|Win32
		{ED4E39FD-2279-4129-A91D-D568EC7222EB}.Release|Win32.ActiveCfg = Release|Win32
		{ED4E39FD-2279-4129-A91D-D568EC7222EB}.Release|Win32.Build.0 = Release|Win32
		{6C25F5ED-48F3-4039-9ADA-1172F5D338EE}.Debug|Win32.ActiveCfg = Debug|Win32
		{6C25F5ED-48F3-4039-9ADA-1172F5D338EE}.Debug|Win32.Build.0 = Debug|Win32
		{6C25F5ED-48F3-4039-9ADA-1172F5D338EE}.Release|Win32.ActiveCfg = Release|Win32
		{6C25F5ED-48F3-4039-9ADA-1172F5D338EE}.Release|Win32.Build.0 = Release|Win32
		{A4E16E73-308B-4B0A-8B5F-E668B18F3DB9}.Debug|Win32.ActiveCfg = Debug|Win32
		{A4E16E73-308B-4B0A-8B5F-E668B18F3DB9}.Debug|Win32.Build.0 = Debug|Win32
		{A4E16E73-308B-4B0A-8B5F-E668B18F3DB9}.Release|Win32.ActiveCfg = Release|Win32
		{A4E16E73-308B-4B0A-8B5F-E668B18F3DB9}.Release|Win32.Build.0 = Release|Win32
		{045CDAA6-A377-4301-9FE3-2A51A9BE594E}.Debug|Win32.ActiveCfg = Debug|Win32
		{045CDAA6-A377-4301-9FE3-2A51A9BE594E}.Debug|Win32.Build.0 = Debug|Win32
		{045CDAA6-A377-4301-9FE3-2A51A9BE594E}.Release|Win32.ActiveCfg = Release|Win32
		{045CDAA6-A377-4301-9FE3-2A51A9BE594E}.Release|Win32.Build.0 = Release|Win32
		{8A89EB49-54D3-4F87-8C91-53F858605E75}.Debug|Win32.ActiveCfg = Debug|Win32
		{8A89EB49-54D3-4F87-8C91-53F858605E75}.Debug|Win32.Build.0 = Debug|Win32
		{8A89EB49-54D3-4F87-8C91-53F858605E75}.Release|Win32.ActiveCfg = Release|Win32
		{8A89EB49-54D3-4F87-8C91-53F858605E75}.Release|Win32.Build.0 = Release|Win32
		{2E4EF8A8-D0D3-45D7-AFAB-DE27F69D5E60}.Debug|Win32.ActiveCfg = Debug|Win32
		{2E4EF8A8-D0D3-45D7-AFAB-DE27F69D5E60}.Debug|Win32.Build.0 = Debug|Win32
		{2E4EF8A8-D0D3-45D7-AFAB-DE27F69D5E60}.Release|Win32.ActiveCfg = Release|Win32
		{2E4EF8A8-D0D3-45D7-AFAB-DE27F69D5E60}.Release|Win32.Build.0 = Release|Win32
		{CA489845-BE9B-4632-B7A0-596E5E5B5D27}.Debug|Win32.ActiveCfg = Debug|Win32
		{CA489845-BE9B-4632-B7A0-596E5E5B5D27}.Debug|Win32.Build.0 = Debug|Win32
		{CA489845-BE9B-4632-B7A0-596E5E5B5D27}.Release|Win32.ActiveCfg = Release|Win32
		{CA489845-BE9B-4632-B7A0-596E5E5B5D27}.Release|Win32.Build.0 = Release|Win32
		{1B9DB19B-8422-4F78-B65C-3944614884B9}.Debug|Win32.ActiveCfg = Debug|Win32
		{1B9DB19B-8422-4F78-B65C-3944614884B9}.Debug|Win32.Build.0 = Debug|Win32
		{1B9DB19B-8422-4F78-B65C-3944614884B9}.Release|Win32.ActiveCfg = Release|Win32
		{1B9DB19B-8422-4F78-B65C-3944614884B9}.Release|Win32.Build.0 = Release|Win32
		{F033CF28-B0D2-43BF-9A2E-0E59D6D35EB0}.Debug|Win32.ActiveCfg = Debug|Win32
		{F033CF28-B0D2-43BF-9A2E-0E59D6D35EB0}.Debug|Win32.Build.0 = Debug|Win32
		{F033CF28-B0D2-43BF-9A2E-0E59D6D35EB0}.Release|Win32.ActiveCfg = Release|Win32
		{F033CF28-B0D2-43BF-9A2E-0E59D6D35EB0}.Release|Win32.Build.0 = Release|Win32
		{39E0DDE1-C2BE-494C-8F3B-AA55DE31B95F}.Debug|Win32.ActiveCfg = Debug|Win32
		{39E0DDE1-C2BE-494C-8F3B-AA55DE31B95F}.Debug|Win32.Build.0 = Debug|Win32
		{39E0DDE1-C2BE-494C-8F3B-AA55DE31B95F}.Release|Win32.ActiveCfg = Release|Win32
		{39E0DDE1-C2BE-494C-8F3B-AA55DE31B95F}.Release|Win32.Build.0 = Release|Win32
		{26D71E5B-D4E0-4957-BD5B-048A11FF9FF5}.Debug|Win32.ActiveCfg = Debug|Win32
		{26D71E5B-D4E0-4957-BD5B-048A11FF9FF5}.Debug|Win32.Build.0 = Debug|Win32
		{26D71E5B-D4E0-4957-BD5B-048A11FF9FF5}.Release|Win32.ActiveCfg = Release|Win32
		{26D71E5B-D4E0-4957-BD5B-048A11FF9FF5}.Release|Win32.Build.0 = Release|Win32
		{B0519A4E-148A-4AC5-B089-7D652CD83A2A}.Debug|Win32.ActiveCfg = Debug|Win32
		{B0519A4E-148A-4AC5-B089-7D652CD83A2A}.Debug|Win32.Build.0 = Debug|Win32
		{B0519A4E-148A-4AC5-B089-7D652CD83A2A}.Release|Win32.ActiveCfg = Release|Win32
		{B0519A4E-148A-4AC5-B089-7D652CD83A2A}.Release|Win32.Build.0 = Release|Win32
		{8D9B92C0-D197-42A5-87F6-5F82FBE95651}.Debug|Win32.ActiveCfg = Debug|Win32
		{8D9B92C0-D197-42A5-87F6-5F82FBE95651}.Debug|Win32.Build.0 = Debug|Win32
		{8D9B92C0-D197-42A5-87F6-5F82FBE95651}.Release|Win32.ActiveCfg = Release|Win32
		{8D9B92C0-D197-42A5-87F6-5F82FBE95651}.Release|Win32.Build.0 = Release|Win32
		{46110B68-0E94-4FC6-A7F4-EFD8112D2010}.Debug|Win32.ActiveCfg = Debug|Win32
		{46110B68-0E94-4FC6-A7F4-EFD8112D2010}.Debug|Win32.Build.0 = Debug|Win32
		{46110B68-0E94-4FC6-A7F4-EFD8112D2010}.Release|Win32.ActiveCfg = Release|Win32
		{46110B68-0E94-4FC6-A7F4-EFD8112D2010}.Release|Win32.Build.0 = Release|Win32
		{EAE2505E-FDF5-4C00-9906-24921D54E557}.Debug|Win32.ActiveCfg = Debug|Win32
		{EAE2505E-FDF5-4C00-9906-24921D54E557}.Debug|Win32.Build.0 = Debug|Win32
		{EAE2505E-FDF5-4C00-9906-24921D54E557}.Release|Win32.ActiveCfg = Release|Win32
		{EAE2505E-FDF5-4C00-9906-24921D54E557}.Release|Win32.Build.0 = Release|Win32
		{BC553812-1AB9-487B-B111-2870654C979E}.Debug|Win32.ActiveCfg = Debug|Win32
		{BC553812-1AB9-487B-B111-2870654C979E}.Debug|Win32.Build.0 = Debug|Win32
		{BC553812-1AB9-487B-B111-2870654C979E}.Release|Win32.ActiveCfg = Release|Win32
		{BC553812-1AB9-487B-B111-2870654C979E}.Release|Win32.Build.0 = Release|Win32
		{515FAE5A-3E1D-4242-BCE8-DBB960F4A729}.Debug|Win32.ActiveCfg = Debug|Win32
		{515FAE5A-3E1D-4242-BCE8-DBB960F4A729}.Debug|Win32.Build.0 = Debug|Win32
		{515FAE5A-3E1D-4242-BCE8-DBB960F4A729}.Release|Win32.ActiveCfg = Release|Win32
		{515FAE5A-3E1D-4242-BCE8-DBB960F4A729}.Release|Win32.Build.0 = Release|Win32
		{0AD29141-365E-4CCD-A516-7101585CE25E}.Debug|Win32.ActiveCfg = Debug|Win32
		{0AD29141-365E-4CCD-A516-7101585CE25E}.Debug|Win32.Build.0 = Debug|Win32
		{0AD29141-365E-4CCD-A516-7101585CE25E}.Release|Win32.ActiveCfg = Release|Win32
		{0AD29141-365E-4CCD-A516-7101585CE25E}.Release|Win32.Build.0 = Release|Win32
		{452C39FB-B1BC-4829-9664-E0F0FA438F26}.Debug|Win32.ActiveCfg = Debug|Win32
		{452C39FB-B1BC-4829-9664-E0F0FA438F26}.Debug|Win32.Build.0 = Debug|Win32
		{452C39FB-B1BC-4829-9664-E0F0FA438F26}.Release|Win32.ActiveCfg = Release|Win32
		{452C39FB-B1BC-4829-9664-E0F0FA438F26}.Release|Win32.Build.0 = Release|Win32
		{A3742B17-7FE4-4955-9DFE-F560A7186520}.Debug|Win32.ActiveCfg = Debug|Win32
		{A3742B17-7FE4-4955-9DFE-F560A7186520}.Debug|Win32.Build.0 = Debug|Win32
		{A3742B17-7FE4-4955-9DFE-F560A7186520}.Release|Win32.ActiveCfg = Release|Win32
		{A3742B17-7FE4-4955-9DFE-F560A7186520}.Release|Win32.Build.0 = Release|Win32
		{EF8AE9AD-94E0-4085-BDF3-BFC64073CD38}.Debug|Win32.ActiveCfg = Debug|Win32
		{EF8AE9AD-94E0-4085-BDF3-BFC64073CD38}.Debug|Win32.Build.0 = Debug|Win32
		{EF8AE9AD-94E0-4085-BDF3-BFC64073CD38}.Release|Win32.ActiveCfg = Release|Win32
		{EF8AE9AD-94E0-4085-BDF3-BFC64073CD38}.Release|Win32.Build.0 = Release|Win32
		{1068094D-854F-4EC9-8D58-E571329D63D1}.Debug|Win32.ActiveCfg = Debug|Win32
		{1068094D-854F-4EC9-8D58-E571329D63D1}.Debug|Win32.Build.0 = Debug|Win32
		{1068094D-854F-4EC9-8D58-E571329D63D1}.Release|Win32.ActiveCfg = Release|Win32
		{1068094D-854F-4EC9-8D58-E571329D63D1}.Release|Win32.Build.0 = Release|Win32
		{62E62512-4782-4B66-BBE6-C02CFCCC53B8}.Debug|Win32.ActiveCfg = Debug|Win32
		{62E62512-4782-4B66-BBE6-C02CFCCC53B8}.Debug|Win32.Build.0 = Debug|Win32
		{62E62512-4782-4B66-BBE6-C02CFCCC53B8}.Release|Win32.ActiveCfg = Release|Win32
		{62E62512-4782-4B66-BBE6-C02CFCCC53B8}.Release|Win32.Build.0 = Release|Win32
		{10CE347F-AFDE-42CB-81CD-6FC15DDAA1B7}.Debug|Win32.ActiveCfg = Debug|Win32
		{10CE347F-AFDE-42CB-81CD-6FC15DDAA1B7}.Debug|Win32.Build.0 = Debug|Win32
		{10CE347F-AFDE-42CB-81CD-6FC15DDAA1B7}.Release|Win32.ActiveCfg = Release|Win32
		{10CE347F-AFDE-42CB-81CD-6FC15DDAA1B7}.Release|Win32.Build.0 = Release|Win32
		{9B417A2F-1687-463A-86CE-A0CA0F38644E}.Debug|Win32.ActiveCfg = Debug|Win32
		{9B417A2F-1687-463A-86CE-A0CA0F38644E}.Debug|Win32.Build.0 = Debug|Win32
		{9B417A2F-1687-463A-86CE-A0CA0F38644E}.Release|Win32.ActiveCfg = Release|Win32
		{9B417A2F-1687-463A-86CE-A0CA0F38644E}.Release|Win32.Build.0 = Release|Win32
		{4FBACE54-9398-48A6-9490-F65096FADBAE}.Debug|Win32.ActiveCfg = Debug|Win32
		{4FBACE54-9398-48A6-9490-F65096FADBAE}.Debug|Win32.Build.0 = Debug|Win32
		{4FBACE54-9398-48A6-9490-F65096FADBAE}.Release|Win32.ActiveCfg = Release|Win32
		{4FBACE54-9398-48A6-9490-F65096FADBAE}.Release|Win32.Build.0 = Release|Win32
		{59F72CE3-05C8-413F-9ADD-950D365133CA}.Debug|Win32.ActiveCfg = Debug|Win32
		{59F72CE3-05C8-413F-9ADD-950D365133CA}.Debug|Win32.Build.0 = Debug|Win32
		{59F72CE3-05C8-413F-9ADD-950D365133CA}.Release|Win32.ActiveCfg = Release|Win32
		{59F72CE3-05C8-413F-9ADD-950D365133CA}.Release|Win32.Build.0 = Release|Win32
		{D4B63587-D97E-4785-87CE-A11114CF4880}.Debug|Win32.ActiveCfg = Debug|Win32
		{D4B63587-D97E-4785-87CE-A11114CF4880}.Debug|Win32.Build.0 = Debug|Win32
		{D4B63587-D97E-4785-87CE-A11114CF4880}.Release|Win32.ActiveCfg = Release|Win32
		{D4B63587-D97E-4785-87CE-A11114CF4880}.Release|Win32.Build.0 = Release|Win32
		{03352AFD-5EE3-42A0-8696-5B91C9DD1B9B}.Debug|Win32.ActiveCfg = Debug|Win32
		{03352AFD-5EE3-42A0-8696-5B91C9DD1B9B}.Debug|Win32.Build.0 = Debug|Win32
		{03352AFD-5EE3-42A0-8696-5B91C9DD1B9B}.Release|Win32.ActiveCfg = Release|Win32
		{03352AFD-5EE3-42A0-8696-5B91C9DD1B9B}.Release|Win32.Build.0 = Release|Win32
		{DB733866-D1FE-45D6-B0B2-9569C0DE0D5D}.Debug|Win32.ActiveCfg = Debug|Win32
		{DB733866-D1FE-45D6-B0B2-9569C0DE0D5D}.Debug|Win32.Build.0 = Debug|Win32
		{DB733866-D1FE-45D6-B0B2-9569C0DE0D5D}.Release|Win32.ActiveCfg = Release|Win32
		{DB733866-D1FE-45D6-B0B2-9569C0DE0D5D}.Release|Win32.Build.0 = Release|Win32
		{A2F6489C-51BB-402A-9194-C5D1EC24BA5C}.Debug|Win32.ActiveCfg = Debug|Win32
		{A2F6489C-51BB-402A-9194-C5D1EC24BA5C}.Debug|Win32.Build.0 = Debug|Win32
		{A2F6489C-51BB-402A-9194-C5D1EC24BA5C}.Release|Win32.ActiveCfg = Release|Win32
		{A2F6489C-51BB-402A-9194-C5D1EC24BA5C}.Release|Win32.Build.0 = Release|Win32
		{7B64C513-B167-4CE3-9D7F-3BCA28ECBB33}.Debug|Win32.ActiveCfg = Debug|Win32
		{7B64C513-B167-4CE3-9D7F-3BCA28ECBB33}.Debug|Win32.Build.0 = Debug|Win32
		{7B64C513-B167-4CE3-9D7F-3BCA28ECBB33}.Release|Win32.ActiveCfg = Release|Win32
		{7B64C513-B167-4CE3-9D7F-3BCA28ECBB33}.Release|Win32.Build.0 = Release|Win32
		{02CAB804-5446-433F-A4A1-C54FA3174E68}.Debug|Win32.ActiveCfg = Debug|Win32
		{02CAB804-5446-433F-A4A1-C54FA3174E68}.Debug|Win32.Build.0 = Debug|Win32
		{02CAB804-5446-433F-A4A1-C54FA3174E68}.Release|Win32.ActiveCfg = Release|Win32
		{02CAB804-5446-433F-A4A1-C54FA3174E68}.Release|Win32.Build.0 = Release|Win32
		{3EAAB6B7-9AA3-41BA-B2A1-24E55EDE56A2}.Debug|Win32.ActiveCfg = Debug|Win32
		{3EAAB6B7-9AA3-41BA-B2A1-24E55EDE56A2}.Debug|Win32.Build.0 = Debug|Win32
		{3EAAB6B7-9AA3-41BA-B2A1-24E55EDE56A2}.Release|Win32.ActiveCfg = Release|Win32
		{3EAAB6B7-9AA3-41BA-B2A1-24E55EDE56A2}.Release|Win32.Build.0 = Release|Win32
		{AF5E270B-ED80-4D37-8783-3CC5C9CC86D9}.Debug|Win32.ActiveCfg = Debug|Win32
		{AF5E270B-ED80-4D37-8783-3CC5C9CC86D9}.Debug|Win32.Build.0 = Debug|Win32
		{AF5E270B-ED80-4D37-8783-3CC5C9CC86D9}.Release|Win32.ActiveCfg = Release|Win32
		{AF5E270B-ED80-4D37-8783-3CC5C9CC86D9}.Release|Win32.Build.0 = Release|Win32
		{5D782A92-0FDE-49D2-B6F4-BF0067F0F0F4}.Debug|Win32.ActiveCfg = Debug|Win32
		{5D782A92-0FDE-49D2-B6F4-BF0067F0F0F4}.Debug|Win32.Build.0 = Debug|Win32
		{5D782A92-0FDE-49D2-B6F4-BF0067F0F0F4}.Release|Win32.ActiveCfg = Release|Win32
		{5D782A92-0FDE-49D2-B6F4-BF0067F0F0F4}.Release|Win32.Build.0 = Release|Win32
		{4C01911C-3662-4BCE-8A86-6F9FC4532005}.Debug|Win32.ActiveCfg = Debug|Win32
		{4C01911C-3662-4BCE-8A86-6F9FC4532005}.Debug|Win32.Build.0 = Debug|Win32
		{4C01911C-3662-4BCE-8A86-6F9FC4532005}.Release|Win32.ActiveCfg = Release|Win32
		{4C01911C-3662-4BCE-8A86-6F9FC4532005}.Release|Win32.Build.0 = Release|Win32
		{00FF58C9-D444-487A-A74D-E1869045F3D4}.Debug|Win32.ActiveCfg = Debug|Win32
		{00FF58C9-D444-487A-A74D-E1869045F3D4}.Debug|Win32.Build.0 = Debug|Win32
		{00FF58C9-D444-487A-A74D-E1869045F3D4}.Release|Win32.ActiveCfg = Release|Win32
		{00FF58C9-D444-487A-A74D-E1869045F3D4}.Release|Win32.Build.0 = Release|Win32
		{4D522281-68EC-45A8-98ED-9709330B1C59}.Debug|Win32.ActiveCfg = Debug|Win32
		{4D522281-68EC-45A8-98ED-9709330B1C59}.Debug|Win32.Build.0 = Debug|Win32
		{4D522281-68EC-45A8-98ED-9709330B1C59}.Release|Win32.ActiveCfg = Release|Win32
		{4D522281-68EC-45A8-98ED-9709330B1C59}.Release|Win32.Build.0 = Release|Win32
		{1F891B2F-BF2D-48F9-8247-28482A23AF3C}.Debug|Win32.ActiveCfg = Debug|Win32
		{1F891B2F-BF2D-48F9-8247-28482A23AF3C}.Debug|Win32.Build.0 = Debug|Win32
		{1F891B2F-BF2D-48F9-8247-28482A23AF3C}.Release|Win32.ActiveCfg = Release|Win32
		{1F891B2F-BF2D-48F9-8247-28482A23AF3C}.Release|Win32.Build.0 = Release|Win32
		{2EADE3C4-4130-40F0-B54C-A8137F35E8F9}.Debug|Win32.ActiveCfg = Debug|Win32
		{2EADE3C4-4130-40F0-B54C-A8137F35E8F9}.Debug|Win32.Build.0 = Debug|Win32
		{2EADE3C4-4130-40F0-B54C-A8137F35E8F9}.Release|Win32.ActiveCfg = Release|Win32
		{2EADE3C4-4130-40F0-B54C-A8137F35E8F9}.Release|Win32.Build.0 = Release|Win32
		{3A7E7897-0B66-4FBF-B399-3873D752B866}.Debug|Win32.ActiveCfg = Debug|Win32
		{3A7E7897-0B66-4FBF-B399-3873D752B866}.Debug|Win32.Build.0 = Debug|Win32
		{3A7E7897-0B66-4FBF-B399-3873D752B866}.Release|Win32.ActiveCfg = Release|Win32
		{3A7E7897-0B66-4FBF-B399-3873D752B866}.Release|Win32.Build.0 = Release|Win32
		{420D4830-A0C0-4E3D-940F-7F63133CFB93}.Debug|Win32.ActiveCfg = Debug|Win32
		{420D4830-A0C0-4E3D-940F-7F63133CFB93}.Debug|Win32.Build.0 = Debug|Win32
		{420D4830-A0C0-4E3D-940F-7F63133CFB93}.Release|Win32.ActiveCfg = Release|Win32
		{420D4830-A0C0-4E3D-940F-7F63133CFB93}.Release|Win32.Build.0 = Release|Win32
		{49C88F49-6295-48CA-9DBC-907CA9B41A4B}.Debug|Win32.ActiveCfg = Debug|Win32
		{49C88F49-6295-48CA-9DBC-907CA9B41A4B}.Debug|Win32.Build.0 = Debug|Win32
		{49C88F49-6295-48CA-9DBC-907CA9B41A4B}.Release|Win32.ActiveCfg = Release|Win32
		{49C88F49-6295-48CA-9DBC-907CA9B41A4B}.Release|Win32.Build.0 = Release|Win32
		{CF68DD17-9119-45A9-8286-D0D1CE583B29}.Debug|Win32.ActiveCfg = Debug|Win32
		{CF68DD17-9119-45A9-8286-D0D1CE583B29}.Debug|Win32.Build.0 = Debug|Win32
		{CF68DD17-9119-45A9-8286-D0D1CE583B29}.Release|Win32.ActiveCfg = Release|Win32
		{CF68DD17-9119-45A9-8286-D0D1CE583B29}.Release|Win32.Build.0 = Release|Win32
		{859EF0F8-77BD-4A61-9E2F-E36FA0BE31EF}.Debug|Win32.ActiveCfg = Debug|Win32
		{859EF0F8-77BD-4A61-9E2F-E36FA0BE31EF}.Debug|Win32.Build.0 = Debug|Win32
		{859EF0F8-77BD-4A61-9E2F-E36FA0BE31EF}.Release|Win32.ActiveCfg = Release|Win32
		{859EF0F8-77BD-4A61-9E2F-E36FA0BE31EF}.Release|Win32.Build.0 = Release|Win32
		{742C3B98-FF16-4CC1-B61D-A1AE1C788BC0}.Debug|Win32.ActiveCfg = Debug|Win32
		{742C3B98-FF16-4CC1-B61D-A1AE1C788BC0}.Debug|Win32.Build.0 = Debug|Win32
		{742C3B98-FF16-4CC1-B61D-A1AE1C788BC0}.Release|Win32.ActiveCfg = Release|Win32
		{742C3B98-FF16-4CC1-B61D-A1AE1C788BC0}.Release|Win32.Build.0 = Release|Win32
		{663FFBAC-D44E-42BF-940B-6C4BE36496F6}.Debug|Win32.ActiveCfg = Debug|Win32
		{663FFBAC-D44E-42BF-940B-6C4BE36496F6}.Debug|Win32.Build.0 = Debug|Win32
		{663FFBAC-D44E-42BF-940B-6C4BE36496F6}.Release|Win32.ActiveCfg = Release|Win32
		{663FFBAC-D44E-42BF-940B-6C4BE36496F6}.Release|Win32.Build.0 = Release|Win32
		{C21AF7AC-BA7D-4DC7-8AD5-6D9C3160A2C8}.Debug|Win32.ActiveCfg = Debug|Win32
		{C21AF7AC-BA7D-4DC7-8AD5-6D9C3160A2C8}.Debug|Win32.Build.0 = Debug|Win32
		{C21AF7AC-BA7D-4DC7-8AD5-6D9C3160A2C8}.Release|Win32.ActiveCfg = Release|Win32
		{C21AF7AC-BA7D-4DC7-8AD5-6D9C3160A2C8}.Release|Win32.Build.0 = Release|Win32
		{2069B5CD-C245-48D3-A32C-B4420EA58490}.Debug|Win32.ActiveCfg = Debug|Win32
		{2069B5CD-C245-48D3-A32C-B4420EA58490}.Debug|Win32.Build.0 = Debug|Win32
		{2069B5CD-C245-48D3-A32C-B4420EA58490}.Release|Win32.ActiveCfg = Release|Win32
		{2069B5CD-C245-48D3-A32C-B4420EA58490}.Release|Win32.Build.0 = Release|Win32
		{6C1E633B-BC85-486E-89A2-380C88F4B767}.Debug|Win32.ActiveCfg = Debug|Win32
		{6C1E633B-BC85-486E-89A2-380C88F4B767}.Debug|Win32.Build.0 = Debug|Win32
		{6C1E633B-BC85-486E-89A2-380C88F4B767}.Release|Win32.ActiveCfg = Release|Win32
		{6C1E633B-BC85-486E-89A2-380C88F4B767}.Release|Win32.Build.0 = Release|Win32
		{F5B2CEC9-3DD6-4D9D-A466-B5782CACCD91}.Debug|Win32.ActiveCfg = Debug|Win32
		{F5B2CEC9-3DD6-4D9D-A466-B5782CACCD91}.Debug|Win32.Build.0 = Debug|Win32
		{F5B2CEC9-3DD6-4D9D-A466-B5782CACCD91}.Release|Win32.ActiveCfg = Release|Win32
		{F5B2CEC9-3DD6-4D9D-A466-B5782CACCD91}.Release|Win32.Build.0 = Release|Win32
		{50BB8413-9E45-408B-8983-CA9A846E51A4}.Debug|Win32.ActiveCfg = Debug|Win32
		{50BB8413-9E45-408B-8983-CA9A846E51A4}.Debug|Win32.Build.0 = Debug|Win32
		{50BB8413-9E45-408B-8983-CA9A846E51A4}.Release|Win32.ActiveCfg = Release|Win32
		{50BB8413-9E45-408B-8983-CA9A846E51A4}.Release|Win32.Build.0 = Release|Win32
		{3E75E998-7BD7-42F6-8694-619124CF199F}.Debug|Win32.ActiveCfg = Debug|Win32
		{3E75E998-7BD7-42F6-8694-619124CF199F}.Debug|Win32.Build.0 = Debug|Win32
		{3E75E998-7BD7-42F6-8694-619124CF199F}.Release|Win32.ActiveCfg = Release|Win32
		{3E75E998-7BD7-42F6-8694-619124CF199F}.Release|Win32.Build.0 = Release|Win32
		{4ECBCDEF-CE39-4D71-A074-3BDE29F19DBC}.Debug|Win32.ActiveCfg = Debug|Win32
		{4ECBCDEF-CE39-4D71-A074-3BDE29F19DBC}.Debug|Win32.Build.0 = Debug|Win32
		{4ECBCDEF-CE39-4D71-A074-3BDE29F19DBC}.Release|Win32.ActiveCfg = Release|Win32
		{4ECBCDEF-CE39-4D71-A074-3BDE29F19DBC}.Release|Win32.Build.0 = Release|Win32
		{0FC353E5-97ED-49DA-AEEF-825A8F26F3DA}.Debug|Win32.ActiveCfg = Debug|Win32
		{0FC353E5-97ED-49DA-AEEF-825A8F26F3DA}.Debug|Win32.Build.0 = Debug|Win32
		{0FC353E5-97ED-49DA-AEEF-825A8F26F3DA}.Release|Win32.ActiveCfg = Release|Win32
		{0FC353E5-97ED-49DA-AEEF-825A8F26F3DA}.Release|Win32.Build.0 = Release|Win32
		{E1906EB9-9549-43A7-9125-D06EFBB67BEC}.Debug|Win32.ActiveCfg = Debug|Win32
		{E1906EB9-9549-43A7-9125-D06EFBB67BEC}.Debug|Win32.Build.0 = Debug|Win32
		{E1906EB9-9549-43A7-9125-D06EFBB67BEC}.Release|Win32.ActiveCfg = Release|Win32
		{E1906EB9-9549-43A7-9125-D06EFBB67BEC}.Release|Win32.Build.0 = Release|Win32
		{1F9C970D-332E-4B3D-A473-9CFFC3B6CD5B}.Debug|Win32.ActiveCfg = Debug|Win32
		{1F9C970D-332E-4B3D-A473-9CFFC3B6CD5B}.Debug|Win32.Build.0 = Debug|Win32
		{1F9C970D-332E-4B3D-A473-9CFFC3B6CD5B}.Release|Win32.ActiveCfg = Release|Win32
		{1F9C970D-332E-4B3D-A473-9CFFC3B6CD5B}.Release|Win32.Build.0 = Release|Win32
		{5228701C-9E7B-4EBC-9380-C0A1BC1ECD7E}.Debug|Win32.ActiveCfg = Debug|Win32
		{5228701C-9E7B-4EBC-9380-C0A1BC1ECD7E}.Debug|Win32.Build.0 = Debug|Win32
		{5228701C-9E7B-4EBC-9380-C0A1BC1ECD7E}.Release|Win32.ActiveCfg = Release|Win32
		{5228701C-9E7B-4EBC-9380-C0A1BC1ECD7E}.Release|Win32.Build.0 = Release|Win32
		{B5D5081E-B5E6-4771-8A95-CD2E54A3BAC3}.Debug|Win32.ActiveCfg = Debug|Win32
		{B5D5081E-B5E6-4771-8A95-CD2E54A3BAC3}.Debug|Win32.Build.0 = Debug|Win32
		{B5D5081E-B5E6-4771-8A95-CD2E54A3BAC3}.Release|Win32.ActiveCfg = Release|Win32
		{B5D5081E-B5E6-4771-8A95-CD2E54A3BAC3}.Release|Win32.Build.0 = Release|Win32
		{04E60D8F-CA0C-4AED-96D3-F0C8FE3DE001}.Debug|Win32.ActiveCfg = Debug|Win32
		{04E60D8F-CA0C-4AED-96D3-F0C8FE3DE001}.Debug|Win32.Build.0 = Debug|Win32
		{04E60D8F-CA0C-4AED-96D3-F0C8FE3DE001}.Release|Win32.ActiveCfg = Release|Win32
		{04E60D8F-CA0C-4AED-96D3-F0C8FE3DE001}.Release|Win32.Build.0 = Release|Win32
		{4683FA27-8ADE-419B-873F-A00BEA5A9F83}.Debug|Win32.ActiveCfg = Debug|Win32
		{4683FA27-8ADE-419B-873F-A00BEA5A9F83}.Debug|Win32.Build.0 = Debug|Win32
		{4683FA27-8ADE-419B-873F-A00BEA5A9F83}.Release|Win32.ActiveCfg = Release|Win32
		{4683FA27-8ADE-419B-873F-A00BEA5A9F83}.Release|Win32.Build.0 = Release|Win32
		{3DD6C27C-7B05-4439-BC47-90597B1006DD}.Debug|Win32.ActiveCfg = Debug|Win32
		{3DD6C27C-7B05-4439-BC47-90597B1006DD}.Debug|Win32.Build.0 = Debug|Win32
		{3DD6C27C-7B05-4439-BC47-90597B1006DD}.Release|Win32.ActiveCfg = Release|Win32
		{3DD6C27C-7B05-4439-BC47-90597B1006DD}.Release|Win32.Build.0 = Release|Win32
		{9EC22360-BDF5-45BC-89CB-CF54B3CA44E4}.Debug|Win32.ActiveCfg = Debug|Win32
		{9EC22360-BDF5-45BC-89CB-CF54B3CA44E4}.Debug|Win32.Build.0 = Debug|Win32
		{9EC22360-BDF5-45BC-89CB-CF54B3CA44E4}.Release|Win32.ActiveCfg = Release|Win32
		{9EC22360-BDF5-45BC-89CB-CF54B3CA44E4}.Release|Win32.Build.0 = Release|Win32
		{EA6FBAC8-8401-408C-8715-0C6A90AC3310}.Debug|Win32.ActiveCfg = Debug|Win32
		{EA6FBAC8-8401-408C-8715-0C6A90AC3310}.Debug|Win32.Build.0 = Debug|Win32
		{EA6FBAC8-8401-408C-8715-0C6A90AC3310}.Release|Win32.ActiveCfg = Release|Win32
		{EA6FBAC8-8401-408C-8715-0C6A90AC3310}.Release|Win32.Build.0 = Release|Win32
		{47E5D5FB-2BDD-4BB2-854A-0DCE1440D543}.Debug|Win32.ActiveCfg = Debug|Win32
		{47E5D5FB-2BDD-4BB2-854A-0DCE1440D543}.Debug|Win32.Build.0 = Debug|Win32
		{47E5D5FB-2BDD-4BB2-854A-0DCE1440D543}.Release|Win32.ActiveCfg = Release|Win32
		{47E5D5FB-2BDD-4BB2-854A-0DCE1440D543}.Release|Win32.Build.0 = Release|Win32
		{6918E1AE-EF49-4CE7-9162-B5B5020C9152}.Debug|Win32.ActiveCfg = Debug|Win32
		{6918E1AE-EF49-4CE7-9162-B5B5020C9152}.Debug|Win32.Build.0 = Debug|Win32
		{6918E1AE-EF49-4CE7-9162-B5B5020C9152}.Release|Win32.ActiveCfg = Release|Win32
		{6918E1AE-EF49-4CE7-9162-B5B5020C9152}.Release|Win32.Build.0 = Release|Win32
		{E276AB1A-218F-45C8-AFFC-F6909C22CAC7}.Debug|Win32.ActiveCfg = Debug|Win32
		{E276AB1A-218F-45C8-AFFC-F6909C22CAC7}.Debug|Win32.Build.0 = Debug|Win32
		{E276AB1A-218F-45C8-AFFC-F6909C22CAC7}.Release|Win32.ActiveCfg = Release|Win32
		{E276AB1A-218F-45C8-AFFC-F6909C22CAC7}.Release|Win32.Build.0 = Release|Win32
		{93492B08-70AF-4724-9C3E-E502B7996686}.Debug|Win32.ActiveCfg = Debug|Win32
		{93492B08-70AF-4724-9C3E-E502B7996686}.Debug|Win32.Build.0 = Debug|Win32
		{93492B08-70AF-4724-9C3E-E502B7996686}.Release|Win32.ActiveCfg = Release|Win32
		{93492B08-70AF-4724-9C3E-E502B7996686}.Release|Win32.Build.0 = Release|Win32
		{6CFFFA56-A230-4AE1-937B-8D510C04C7B4}.Debug|Win32.ActiveCfg = Debug|Win32
		{6CFFFA56-A230-4AE1-937B-8D510C04C7B4}.Debug|Win32.Build.0 = Debug|Win32
		{6CFFFA56-A230-4AE1-937B-8D510C04C7B4}.Release|Win32.ActiveCfg = Release|Win32
		{6CFFFA56-A230-4AE1-937B-8D510C04C7B4}.Release|Win32.Build.0 = Release|Win32
		{653C75A9-2E0F-4CA6-8858-01C63D994CC3}.Debug|Win32.ActiveCfg = Debug|Win32
		{653C75A9-2E0F-4CA6-8858-01C63D994CC3}.Debug|Win32.Build.0 = Debug|Win32
		{653C75A9-2E0F-4CA6-8858-01C63D994CC3}.Release|Win32.ActiveCfg = Release|Win32
		{653C75A9-2E0F-4CA6-8858-01C63D994CC3}.Release|Win32.Build.0 = Release|Win32
		{DAC5E4A5-E12A-4342-A0E9-283D0A624B90}.Debug|Win32.ActiveCfg = Debug|Win32
		{DAC5E4A5-E12A-4342-A0E9-283D0A624B90}.Debug|Win32.Build.0 = Debug|Win32
		{DAC5E4A5-E12A-4342-A0E9-283D0A624B90}.Release|Win32.ActiveCfg = Release|Win32
		{DAC5E4A5-E12A-4342-A0E9-283D0A624B90}.Release|Win32.Build.0 = Release|Win32
		{A13106A4-D031-4ACC-8DD6-64B79147B039}.Debug|Win32.ActiveCfg = Debug|Win32
		{A13106A4-D031-4ACC-8DD6-64B79147B039}.Debug|Win32.Build.0 = Debug|Win32
		{A13106A4-D031-4ACC-8DD6-64B79147B039}.Release|Win32.ActiveCfg = Release|Win32
		{A13106A4-D031-4ACC-8DD6-64B79147B039}.Release|Win32.Build.0 = Release|Win32
		{395E9D47-21BF-49BB-B29A-E77EEDE91C0B}.Debug|Win32.ActiveCfg = Debug|Win32
		{395E9D47-21BF-49BB-B29A-E77EEDE91C0B}.Debug|Win32.Build.0 = Debug|Win32
		{395E9D47-21BF-49BB-B29A-E77EEDE91C0B}.Release|Win32.ActiveCfg = Release|Win32
		{395E9D47-21BF-49BB-B29A-E77EEDE91C0B}.Release|Win32.Build.0 = Release|Win32
		{7748039E-2230-4A35-8C9C-71E5BDC752AF}.Debug|Win32.ActiveCfg = Debug|Win32
		{7748039E-2230-4A35-8C9C-71E5BDC752AF}.Debug|Win32.Build.0 = Debug|Win32
		{7748039E-2230-4A35-8C9C-71E5BDC752AF}.Release|Win32.ActiveCfg = Release|Win32
		{7748039E-2230-4A35-8C9C-71E5BDC752AF}.Release|Win32.Build.0 = Release|Win32
		{45AA5DEE-2225-48E3-B914-732681D2C381}.Debug|Win32.ActiveCfg = Debug|Win32
		{45AA5DEE-2225-48E3-B914-732681D2C381}.Debug|Win32.Build.0 = Debug|Win32
		{45AA5DEE-2225-48E3-B914-732681D2C381}.Release|Win32.ActiveCfg = Release|Win32
		{45AA5DEE-2225-48E3-B914-732681D2C381}.Release|Win32.Build.0 = Release|Win32
		{60FC4BB5-5F73-435A-9D50-4481F19E639F}.Debug|Win32.ActiveCfg = Debug|Win32
		{60FC4BB5-5F73-435A-9D50-4481F19E639F}.Debug|Win32.Build.0 = Debug|Win32
		{60FC4BB5-5F73-435A-9D50-4481F19E639F}.Release|Win32.ActiveCfg = Release|Win32
		{60FC4BB5-5F73-435A-9D50-4481F19E639F}.Release|Win32.Build.0 = Release|Win32
	EndGlobalSection
	GlobalSection(SolutionProperties) = preSolution
		HideSolutionNode = FALSE
	EndGlobalSection
EndGlobal
